
Microsoft Visual Studio Solution File, Format Version 12.00
# Visual Studio 2012
Project("{F184B08F-C81C-45F6-A57F-5ABD9991F28F}") = "WindowsApplication1", "WindowsApplication1\WindowsApplication1.vbproj", "{16E927F3-070B-4E2E-B710-5737A05033E0}"
	ProjectSection(ProjectDependencies) = postProject
		{9CB15806-2608-411C-A2EB-CA428A6A3ADF} = {9CB15806-2608-411C-A2EB-CA428A6A3ADF}
		{77D75110-896E-4791-A5AB-B89A923E069F} = {77D75110-896E-4791-A5AB-B89A923E069F}
		{2EA9FE4D-ABC5-499A-89D7-C41E8A10A1EA} = {2EA9FE4D-ABC5-499A-89D7-C41E8A10A1EA}
		{C106FB9C-BFE8-43B1-82AD-F2A6BFD1716E} = {C106FB9C-BFE8-43B1-82AD-F2A6BFD1716E}
	EndProjectSection
EndProject
Project("{F184B08F-C81C-45F6-A57F-5ABD9991F28F}") = "ProjectFeedback", "ProjectFMCS\ProjectFeedback.vbproj", "{D77CB24C-DC28-468E-9919-B0F6C7F56BFB}"
EndProject
Project("{F184B08F-C81C-45F6-A57F-5ABD9991F28F}") = "ProjectAOI", "ProjectAOI\ProjectAOI.vbproj", "{8E7D33A3-7F0C-4374-A76D-9CDDE9E54EF5}"
EndProject
Project("{F184B08F-C81C-45F6-A57F-5ABD9991F28F}") = "ProjectRecipe", "ProjectRecipe\ProjectRecipe.vbproj", "{2EA9FE4D-ABC5-499A-89D7-C41E8A10A1EA}"
EndProject
Project("{F184B08F-C81C-45F6-A57F-5ABD9991F28F}") = "ProjectMotion", "ProjectMotion\ProjectMotion.vbproj", "{9CB15806-2608-411C-A2EB-CA428A6A3ADF}"
	ProjectSection(ProjectDependencies) = postProject
		{2EA9FE4D-ABC5-499A-89D7-C41E8A10A1EA} = {2EA9FE4D-ABC5-499A-89D7-C41E8A10A1EA}
	EndProjectSection
EndProject
Project("{F184B08F-C81C-45F6-A57F-5ABD9991F28F}") = "ProjectIO", "ProjectIO\ProjectIO.vbproj", "{AB1B4D09-75A8-4ACF-AF7B-9484D8631A6C}"
EndProject
Project("{F184B08F-C81C-45F6-A57F-5ABD9991F28F}") = "ProjectCore", "ProjectCore\ProjectCore.vbproj", "{2B1FAE8F-9AE8-4FA4-8DDC-3DA365177691}"
EndProject
Project("{F184B08F-C81C-45F6-A57F-5ABD9991F28F}") = "ProjectLaserInterferometer", "ProjectLaserInterferometer\ProjectLaserInterferometer.vbproj", "{90583748-2F59-46D9-854C-520F021A512B}"
EndProject
Project("{F184B08F-C81C-45F6-A57F-5ABD9991F28F}") = "ProjectConveyor", "ProjectConveyor\ProjectConveyor.vbproj", "{5BA6041D-6A84-45C4-8BAA-3F3D9AAD2A90}"
EndProject
Project("{F184B08F-C81C-45F6-A57F-5ABD9991F28F}") = "ProjectTriggerBoard", "ProjectTriggerBoard\ProjectTriggerBoard.vbproj", "{77D75110-896E-4791-A5AB-B89A923E069F}"
EndProject
Project("{F184B08F-C81C-45F6-A57F-5ABD9991F28F}") = "WetcoConveyor", "WetcoConveyor\WetcoConveyor.vbproj", "{2E265C0D-BCA4-496B-BCE9-BFA26635C177}"
EndProject
Project("{F184B08F-C81C-45F6-A57F-5ABD9991F28F}") = "MapData", "MapData\MapData.vbproj", "{C4B7528E-F6FA-40BC-B364-829243BBDA08}"
EndProject
Project("{F184B08F-C81C-45F6-A57F-5ABD9991F28F}") = "ProjectValveController", "ProjectValveController\ProjectValveController.vbproj", "{C106FB9C-BFE8-43B1-82AD-F2A6BFD1716E}"
EndProject
Project("{FAE04EC0-301F-11D3-BF4B-00C04F79EFBC}") = "Premtek", "Premtek\Premtek.csproj", "{B9962CDE-62C3-4037-82B3-C235B8947C08}"
EndProject
Project("{FAE04EC0-301F-11D3-BF4B-00C04F79EFBC}") = "Premtek.Base", "Premtek.Base\Premtek.Base.csproj", "{89EC5A71-F817-49B0-9AA0-6861581A381A}"
EndProject
Global
	GlobalSection(SolutionConfigurationPlatforms) = preSolution
		Debug|Any CPU = Debug|Any CPU
		Debug|x64 = Debug|x64
		Debug|x86 = Debug|x86
		Release|Any CPU = Release|Any CPU
		Release|x64 = Release|x64
		Release|x86 = Release|x86
	EndGlobalSection
	GlobalSection(ProjectConfigurationPlatforms) = postSolution
		{16E927F3-070B-4E2E-B710-5737A05033E0}.Debug|Any CPU.ActiveCfg = Debug|Any CPU
		{16E927F3-070B-4E2E-B710-5737A05033E0}.Debug|Any CPU.Build.0 = Debug|Any CPU
		{16E927F3-070B-4E2E-B710-5737A05033E0}.Debug|x64.ActiveCfg = Debug|Any CPU
		{16E927F3-070B-4E2E-B710-5737A05033E0}.Debug|x64.Build.0 = Debug|Any CPU
		{16E927F3-070B-4E2E-B710-5737A05033E0}.Debug|x86.ActiveCfg = Debug|Any CPU
		{16E927F3-070B-4E2E-B710-5737A05033E0}.Debug|x86.Build.0 = Debug|Any CPU
		{16E927F3-070B-4E2E-B710-5737A05033E0}.Release|Any CPU.ActiveCfg = Release|Any CPU
		{16E927F3-070B-4E2E-B710-5737A05033E0}.Release|Any CPU.Build.0 = Release|Any CPU
		{16E927F3-070B-4E2E-B710-5737A05033E0}.Release|x64.ActiveCfg = Release|x64
		{16E927F3-070B-4E2E-B710-5737A05033E0}.Release|x64.Build.0 = Release|x64
		{16E927F3-070B-4E2E-B710-5737A05033E0}.Release|x86.ActiveCfg = Release|x86
		{16E927F3-070B-4E2E-B710-5737A05033E0}.Release|x86.Build.0 = Release|x86
		{D77CB24C-DC28-468E-9919-B0F6C7F56BFB}.Debug|Any CPU.ActiveCfg = Debug|Any CPU
		{D77CB24C-DC28-468E-9919-B0F6C7F56BFB}.Debug|Any CPU.Build.0 = Debug|Any CPU
		{D77CB24C-DC28-468E-9919-B0F6C7F56BFB}.Debug|x64.ActiveCfg = Debug|Any CPU
		{D77CB24C-DC28-468E-9919-B0F6C7F56BFB}.Debug|x86.ActiveCfg = Debug|Any CPU
		{D77CB24C-DC28-468E-9919-B0F6C7F56BFB}.Release|Any CPU.ActiveCfg = Release|Any CPU
		{D77CB24C-DC28-468E-9919-B0F6C7F56BFB}.Release|Any CPU.Build.0 = Release|Any CPU
		{D77CB24C-DC28-468E-9919-B0F6C7F56BFB}.Release|x64.ActiveCfg = Release|Any CPU
		{D77CB24C-DC28-468E-9919-B0F6C7F56BFB}.Release|x86.ActiveCfg = Release|Any CPU
		{8E7D33A3-7F0C-4374-A76D-9CDDE9E54EF5}.Debug|Any CPU.ActiveCfg = Debug|Any CPU
		{8E7D33A3-7F0C-4374-A76D-9CDDE9E54EF5}.Debug|Any CPU.Build.0 = Debug|Any CPU
		{8E7D33A3-7F0C-4374-A76D-9CDDE9E54EF5}.Debug|x64.ActiveCfg = Debug|Any CPU
		{8E7D33A3-7F0C-4374-A76D-9CDDE9E54EF5}.Debug|x86.ActiveCfg = Debug|Any CPU
		{8E7D33A3-7F0C-4374-A76D-9CDDE9E54EF5}.Release|Any CPU.ActiveCfg = Release|Any CPU
		{8E7D33A3-7F0C-4374-A76D-9CDDE9E54EF5}.Release|Any CPU.Build.0 = Release|Any CPU
		{8E7D33A3-7F0C-4374-A76D-9CDDE9E54EF5}.Release|x64.ActiveCfg = Release|Any CPU
		{8E7D33A3-7F0C-4374-A76D-9CDDE9E54EF5}.Release|x86.ActiveCfg = Release|Any CPU
		{2EA9FE4D-ABC5-499A-89D7-C41E8A10A1EA}.Debug|Any CPU.ActiveCfg = Debug|Any CPU
		{2EA9FE4D-ABC5-499A-89D7-C41E8A10A1EA}.Debug|Any CPU.Build.0 = Debug|Any CPU
		{2EA9FE4D-ABC5-499A-89D7-C41E8A10A1EA}.Debug|x64.ActiveCfg = Debug|Any CPU
		{2EA9FE4D-ABC5-499A-89D7-C41E8A10A1EA}.Debug|x86.ActiveCfg = Debug|Any CPU
		{2EA9FE4D-ABC5-499A-89D7-C41E8A10A1EA}.Release|Any CPU.ActiveCfg = Release|Any CPU
		{2EA9FE4D-ABC5-499A-89D7-C41E8A10A1EA}.Release|Any CPU.Build.0 = Release|Any CPU
		{2EA9FE4D-ABC5-499A-89D7-C41E8A10A1EA}.Release|x64.ActiveCfg = Release|Any CPU
		{2EA9FE4D-ABC5-499A-89D7-C41E8A10A1EA}.Release|x86.ActiveCfg = Release|Any CPU
		{9CB15806-2608-411C-A2EB-CA428A6A3ADF}.Debug|Any CPU.ActiveCfg = Debug|Any CPU
		{9CB15806-2608-411C-A2EB-CA428A6A3ADF}.Debug|Any CPU.Build.0 = Debug|Any CPU
		{9CB15806-2608-411C-A2EB-CA428A6A3ADF}.Debug|x64.ActiveCfg = Debug|Any CPU
		{9CB15806-2608-411C-A2EB-CA428A6A3ADF}.Debug|x86.ActiveCfg = Debug|Any CPU
		{9CB15806-2608-411C-A2EB-CA428A6A3ADF}.Release|Any CPU.ActiveCfg = Release|Any CPU
		{9CB15806-2608-411C-A2EB-CA428A6A3ADF}.Release|Any CPU.Build.0 = Release|Any CPU
		{9CB15806-2608-411C-A2EB-CA428A6A3ADF}.Release|x64.ActiveCfg = Release|Any CPU
		{9CB15806-2608-411C-A2EB-CA428A6A3ADF}.Release|x86.ActiveCfg = Release|Any CPU
		{AB1B4D09-75A8-4ACF-AF7B-9484D8631A6C}.Debug|Any CPU.ActiveCfg = Debug|Any CPU
		{AB1B4D09-75A8-4ACF-AF7B-9484D8631A6C}.Debug|Any CPU.Build.0 = Debug|Any CPU
		{AB1B4D09-75A8-4ACF-AF7B-9484D8631A6C}.Debug|x64.ActiveCfg = Debug|Any CPU
		{AB1B4D09-75A8-4ACF-AF7B-9484D8631A6C}.Debug|x86.ActiveCfg = Debug|Any CPU
		{AB1B4D09-75A8-4ACF-AF7B-9484D8631A6C}.Release|Any CPU.ActiveCfg = Release|Any CPU
		{AB1B4D09-75A8-4ACF-AF7B-9484D8631A6C}.Release|Any CPU.Build.0 = Release|Any CPU
		{AB1B4D09-75A8-4ACF-AF7B-9484D8631A6C}.Release|x64.ActiveCfg = Release|Any CPU
		{AB1B4D09-75A8-4ACF-AF7B-9484D8631A6C}.Release|x86.ActiveCfg = Release|Any CPU
		{2B1FAE8F-9AE8-4FA4-8DDC-3DA365177691}.Debug|Any CPU.ActiveCfg = Debug|Any CPU
		{2B1FAE8F-9AE8-4FA4-8DDC-3DA365177691}.Debug|Any CPU.Build.0 = Debug|Any CPU
		{2B1FAE8F-9AE8-4FA4-8DDC-3DA365177691}.Debug|x64.ActiveCfg = Debug|Any CPU
		{2B1FAE8F-9AE8-4FA4-8DDC-3DA365177691}.Debug|x86.ActiveCfg = Debug|Any CPU
		{2B1FAE8F-9AE8-4FA4-8DDC-3DA365177691}.Release|Any CPU.ActiveCfg = Release|Any CPU
		{2B1FAE8F-9AE8-4FA4-8DDC-3DA365177691}.Release|Any CPU.Build.0 = Release|Any CPU
		{2B1FAE8F-9AE8-4FA4-8DDC-3DA365177691}.Release|x64.ActiveCfg = Release|Any CPU
		{2B1FAE8F-9AE8-4FA4-8DDC-3DA365177691}.Release|x86.ActiveCfg = Release|Any CPU
		{90583748-2F59-46D9-854C-520F021A512B}.Debug|Any CPU.ActiveCfg = Debug|Any CPU
		{90583748-2F59-46D9-854C-520F021A512B}.Debug|Any CPU.Build.0 = Debug|Any CPU
		{90583748-2F59-46D9-854C-520F021A512B}.Debug|x64.ActiveCfg = Debug|Any CPU
		{90583748-2F59-46D9-854C-520F021A512B}.Debug|x86.ActiveCfg = Debug|Any CPU
		{90583748-2F59-46D9-854C-520F021A512B}.Release|Any CPU.ActiveCfg = Release|Any CPU
		{90583748-2F59-46D9-854C-520F021A512B}.Release|Any CPU.Build.0 = Release|Any CPU
		{90583748-2F59-46D9-854C-520F021A512B}.Release|x64.ActiveCfg = Release|Any CPU
		{90583748-2F59-46D9-854C-520F021A512B}.Release|x86.ActiveCfg = Release|Any CPU
		{5BA6041D-6A84-45C4-8BAA-3F3D9AAD2A90}.Debug|Any CPU.ActiveCfg = Debug|Any CPU
		{5BA6041D-6A84-45C4-8BAA-3F3D9AAD2A90}.Debug|Any CPU.Build.0 = Debug|Any CPU
		{5BA6041D-6A84-45C4-8BAA-3F3D9AAD2A90}.Debug|x64.ActiveCfg = Debug|Any CPU
		{5BA6041D-6A84-45C4-8BAA-3F3D9AAD2A90}.Debug|x86.ActiveCfg = Debug|Any CPU
		{5BA6041D-6A84-45C4-8BAA-3F3D9AAD2A90}.Release|Any CPU.ActiveCfg = Release|Any CPU
		{5BA6041D-6A84-45C4-8BAA-3F3D9AAD2A90}.Release|Any CPU.Build.0 = Release|Any CPU
		{5BA6041D-6A84-45C4-8BAA-3F3D9AAD2A90}.Release|x64.ActiveCfg = Release|Any CPU
		{5BA6041D-6A84-45C4-8BAA-3F3D9AAD2A90}.Release|x86.ActiveCfg = Release|Any CPU
		{77D75110-896E-4791-A5AB-B89A923E069F}.Debug|Any CPU.ActiveCfg = Debug|Any CPU
		{77D75110-896E-4791-A5AB-B89A923E069F}.Debug|Any CPU.Build.0 = Debug|Any CPU
		{77D75110-896E-4791-A5AB-B89A923E069F}.Debug|x64.ActiveCfg = Debug|Any CPU
		{77D75110-896E-4791-A5AB-B89A923E069F}.Debug|x86.ActiveCfg = Debug|Any CPU
		{77D75110-896E-4791-A5AB-B89A923E069F}.Release|Any CPU.ActiveCfg = Release|Any CPU
		{77D75110-896E-4791-A5AB-B89A923E069F}.Release|Any CPU.Build.0 = Release|Any CPU
		{77D75110-896E-4791-A5AB-B89A923E069F}.Release|x64.ActiveCfg = Release|Any CPU
		{77D75110-896E-4791-A5AB-B89A923E069F}.Release|x86.ActiveCfg = Release|Any CPU
		{2E265C0D-BCA4-496B-BCE9-BFA26635C177}.Debug|Any CPU.ActiveCfg = Debug|Any CPU
		{2E265C0D-BCA4-496B-BCE9-BFA26635C177}.Debug|Any CPU.Build.0 = Debug|Any CPU
		{2E265C0D-BCA4-496B-BCE9-BFA26635C177}.Debug|x64.ActiveCfg = Debug|Any CPU
		{2E265C0D-BCA4-496B-BCE9-BFA26635C177}.Debug|x86.ActiveCfg = Debug|Any CPU
		{2E265C0D-BCA4-496B-BCE9-BFA26635C177}.Release|Any CPU.ActiveCfg = Release|Any CPU
		{2E265C0D-BCA4-496B-BCE9-BFA26635C177}.Release|Any CPU.Build.0 = Release|Any CPU
		{2E265C0D-BCA4-496B-BCE9-BFA26635C177}.Release|x64.ActiveCfg = Release|Any CPU
		{2E265C0D-BCA4-496B-BCE9-BFA26635C177}.Release|x86.ActiveCfg = Release|Any CPU
		{C4B7528E-F6FA-40BC-B364-829243BBDA08}.Debug|Any CPU.ActiveCfg = Debug|Any CPU
		{C4B7528E-F6FA-40BC-B364-829243BBDA08}.Debug|Any CPU.Build.0 = Debug|Any CPU
		{C4B7528E-F6FA-40BC-B364-829243BBDA08}.Debug|x64.ActiveCfg = Debug|Any CPU
		{C4B7528E-F6FA-40BC-B364-829243BBDA08}.Debug|x86.ActiveCfg = Debug|Any CPU
		{C4B7528E-F6FA-40BC-B364-829243BBDA08}.Release|Any CPU.ActiveCfg = Release|Any CPU
		{C4B7528E-F6FA-40BC-B364-829243BBDA08}.Release|Any CPU.Build.0 = Release|Any CPU
		{C4B7528E-F6FA-40BC-B364-829243BBDA08}.Release|x64.ActiveCfg = Release|Any CPU
		{C4B7528E-F6FA-40BC-B364-829243BBDA08}.Release|x86.ActiveCfg = Release|Any CPU
		{C106FB9C-BFE8-43B1-82AD-F2A6BFD1716E}.Debug|Any CPU.ActiveCfg = Debug|Any CPU
		{C106FB9C-BFE8-43B1-82AD-F2A6BFD1716E}.Debug|Any CPU.Build.0 = Debug|Any CPU
		{C106FB9C-BFE8-43B1-82AD-F2A6BFD1716E}.Debug|x64.ActiveCfg = Debug|Any CPU
		{C106FB9C-BFE8-43B1-82AD-F2A6BFD1716E}.Debug|x86.ActiveCfg = Debug|Any CPU
		{C106FB9C-BFE8-43B1-82AD-F2A6BFD1716E}.Release|Any CPU.ActiveCfg = Release|Any CPU
		{C106FB9C-BFE8-43B1-82AD-F2A6BFD1716E}.Release|Any CPU.Build.0 = Release|Any CPU
		{C106FB9C-BFE8-43B1-82AD-F2A6BFD1716E}.Release|x64.ActiveCfg = Release|Any CPU
		{C106FB9C-BFE8-43B1-82AD-F2A6BFD1716E}.Release|x86.ActiveCfg = Release|Any CPU
		{B9962CDE-62C3-4037-82B3-C235B8947C08}.Debug|Any CPU.ActiveCfg = Debug|Any CPU
		{B9962CDE-62C3-4037-82B3-C235B8947C08}.Debug|Any CPU.Build.0 = Debug|Any CPU
		{B9962CDE-62C3-4037-82B3-C235B8947C08}.Debug|x64.ActiveCfg = Debug|Any CPU
		{B9962CDE-62C3-4037-82B3-C235B8947C08}.Debug|x86.ActiveCfg = Debug|Any CPU
		{B9962CDE-62C3-4037-82B3-C235B8947C08}.Release|Any CPU.ActiveCfg = Release|Any CPU
		{B9962CDE-62C3-4037-82B3-C235B8947C08}.Release|Any CPU.Build.0 = Release|Any CPU
		{B9962CDE-62C3-4037-82B3-C235B8947C08}.Release|x64.ActiveCfg = Release|Any CPU
		{B9962CDE-62C3-4037-82B3-C235B8947C08}.Release|x86.ActiveCfg = Release|Any CPU
		{89EC5A71-F817-49B0-9AA0-6861581A381A}.Debug|Any CPU.ActiveCfg = Debug|Any CPU
		{89EC5A71-F817-49B0-9AA0-6861581A381A}.Debug|Any CPU.Build.0 = Debug|Any CPU
		{89EC5A71-F817-49B0-9AA0-6861581A381A}.Debug|x64.ActiveCfg = Debug|Any CPU
		{89EC5A71-F817-49B0-9AA0-6861581A381A}.Debug|x86.ActiveCfg = Debug|Any CPU
		{89EC5A71-F817-49B0-9AA0-6861581A381A}.Release|Any CPU.ActiveCfg = Release|Any CPU
		{89EC5A71-F817-49B0-9AA0-6861581A381A}.Release|Any CPU.Build.0 = Release|Any CPU
		{89EC5A71-F817-49B0-9AA0-6861581A381A}.Release|x64.ActiveCfg = Release|Any CPU
		{89EC5A71-F817-49B0-9AA0-6861581A381A}.Release|x86.ActiveCfg = Release|Any CPU
	EndGlobalSection
	GlobalSection(SolutionProperties) = preSolution
		HideSolutionNode = FALSE
	EndGlobalSection
EndGlobal
